
Microsoft Visual Studio Solution File, Format Version 12.00
# Visual Studio 2015
Project("{FAE04EC0-301F-11D3-BF4B-00C04F79EFBC}") = "2DPlatform_Assignment2.CSharp", "2DPlatform_Assignment2.CSharp.csproj", "{87C7274D-199E-5CF6-7BE8-FE7B0ED4F2E7}"
EndProject
Global
	GlobalSection(SolutionConfigurationPlatforms) = preSolution
		Debug|Any CPU = Debug|Any CPU
		Release|Any CPU = Release|Any CPU
	EndGlobalSection
	GlobalSection(ProjectConfigurationPlatforms) = postSolution
		{87C7274D-199E-5CF6-7BE8-FE7B0ED4F2E7}.Debug|Any CPU.ActiveCfg = Debug|Any CPU
		{87C7274D-199E-5CF6-7BE8-FE7B0ED4F2E7}.Debug|Any CPU.Build.0 = Debug|Any CPU
		{87C7274D-199E-5CF6-7BE8-FE7B0ED4F2E7}.Release|Any CPU.ActiveCfg = Release|Any CPU
		{87C7274D-199E-5CF6-7BE8-FE7B0ED4F2E7}.Release|Any CPU.Build.0 = Release|Any CPU
	EndGlobalSection
	GlobalSection(SolutionProperties) = preSolution
		HideSolutionNode = FALSE
	EndGlobalSection
EndGlobal
